
Microsoft Visual Studio Solution File, Format Version 12.00
# Visual Studio Version 17
VisualStudioVersion = 17.11.35312.102
MinimumVisualStudioVersion = 10.0.40219.1
Project("{FAE04EC0-301F-11D3-BF4B-00C04F79EFBC}") = "MVVMplayground", "MVVMplayground.csproj", "{24E4BAD2-47C5-498F-95E1-F29EDA068B9D}"
EndProject
Global
	GlobalSection(SolutionConfigurationPlatforms) = preSolution
		Debug|Any CPU = Debug|Any CPU
		Release|Any CPU = Release|Any CPU
	EndGlobalSection
	GlobalSection(ProjectConfigurationPlatforms) = postSolution
		{24E4BAD2-47C5-498F-95E1-F29EDA068B9D}.Debug|Any CPU.ActiveCfg = Debug|Any CPU
		{24E4BAD2-47C5-498F-95E1-F29EDA068B9D}.Debug|Any CPU.Build.0 = Debug|Any CPU
		{24E4BAD2-47C5-498F-95E1-F29EDA068B9D}.Debug|Any CPU.Deploy.0 = Debug|Any CPU
		{24E4BAD2-47C5-498F-95E1-F29EDA068B9D}.Release|Any CPU.ActiveCfg = Release|Any CPU
		{24E4BAD2-47C5-498F-95E1-F29EDA068B9D}.Release|Any CPU.Build.0 = Release|Any CPU
		{24E4BAD2-47C5-498F-95E1-F29EDA068B9D}.Release|Any CPU.Deploy.0 = Release|Any CPU
	EndGlobalSection
	GlobalSection(SolutionProperties) = preSolution
		HideSolutionNode = FALSE
	EndGlobalSection
	GlobalSection(ExtensibilityGlobals) = postSolution
		SolutionGuid = {79CA5A3B-608B-45EF-8055-1D2E60336640}
	EndGlobalSection
EndGlobal
